{
  "name": "podcasters",
  "lockfileVersion": 3,
  "requires": true,
  "packages": {
    "": {
      "dependencies": {
        "@hw-agconnect/cloudstorage-ohos": "^1.0.9"
      }
    },
    "node_modules/@hw-agconnect/api-ohos": {
      "version": "1.0.8",
      "resolved": "https://registry.npmmirror.com/@hw-agconnect/api-ohos/-/api-ohos-1.0.8.tgz",
      "integrity": "sha512-wSZTbVQacWqShNK3PJ50h2WrDjdT5ZsWr8LdumNtx/7VyIAerlvoxVEDeMLocJVgkXjr/RdS/k1msF0bQB1/5A=="
    },
    "node_modules/@hw-agconnect/auth-ohos": {
      "version": "1.0.9",
      "resolved": "https://registry.npmmirror.com/@hw-agconnect/auth-ohos/-/auth-ohos-1.0.9.tgz",
      "integrity": "sha512-Z5GrOYWAvLLLg9Cf0bQeacRsdkjpnUyCVFLvUBi1kWP1m1ZUrrVn8xs305Yel8/jj5YR6f9HEBYxWBUnymF8DA==",
      "dependencies": {
        "@hw-agconnect/credential-ohos": "^1.0.9"
      }
    },
    "node_modules/@hw-agconnect/base-ohos": {
      "version": "1.0.9",
      "resolved": "https://registry.npmmirror.com/@hw-agconnect/base-ohos/-/base-ohos-1.0.9.tgz",
      "integrity": "sha512-OE75TJ9s2crFaQEyC7SyrO9G4JiorU3wTgvwa1MucBUa41ym9SknsJegU1MYV1OvpyF7khi7lqOgRkVdYBlcbg==",
      "dependencies": {
        "@hw-agconnect/crypto-ohos": "^1.0.9"
      }
    },
    "node_modules/@hw-agconnect/cloudstorage-ohos": {
      "version": "1.0.9",
      "resolved": "https://registry.npmmirror.com/@hw-agconnect/cloudstorage-ohos/-/cloudstorage-ohos-1.0.9.tgz",
      "integrity": "sha512-+5JU63C3jX7HF/XmIfjnlSiKQQbhnsVT0XgHP1rY4j2zAegAW/ElpOfSaxlX9HJ0PkwWiAm8xOwlUNY0kWNMhQ==",
      "dependencies": {
        "@hw-agconnect/auth-ohos": "^1.0.9",
        "crypto-js": "4.1.1"
      }
    },
    "node_modules/@hw-agconnect/core-ohos": {
      "version": "1.0.9",
      "resolved": "https://registry.npmmirror.com/@hw-agconnect/core-ohos/-/core-ohos-1.0.9.tgz",
      "integrity": "sha512-CW9LEU+dh6N41mx40cbfv13A8g57Z54xpHp0oxUSurfIKo8tzhXxz+h+QB5ldsAqv/KzVwBQVCt0kQZ6HWbxaA==",
      "dependencies": {
        "@hw-agconnect/api-ohos": "^1.0.8",
        "@hw-agconnect/base-ohos": "^1.0.9"
      }
    },
    "node_modules/@hw-agconnect/credential-ohos": {
      "version": "1.0.9",
      "resolved": "https://registry.npmmirror.com/@hw-agconnect/credential-ohos/-/credential-ohos-1.0.9.tgz",
      "integrity": "sha512-9PMtWLM/qKqS8tEAJNa4BDNWVwJr/FNLMEBKBO7kZlDe/KiLGG6EhYvNswOnvnd3Uy6N/se7jc3n3bXrEyXbtg==",
      "dependencies": {
        "@hw-agconnect/core-ohos": "^1.0.9"
      }
    },
    "node_modules/@hw-agconnect/crypto-ohos": {
      "version": "1.0.9",
      "resolved": "https://registry.npmmirror.com/@hw-agconnect/crypto-ohos/-/crypto-ohos-1.0.9.tgz",
      "integrity": "sha512-rhVdEpT8rRqbeK9Dl94jWjc90lkoBNTgr+i9Ku2e0h3QlnYppSfx9hisjIskokOo840MRtoRUi/vrTpDvXzNgA=="
    },
    "node_modules/crypto-js": {
      "version": "4.1.1",
      "resolved": "https://registry.npmmirror.com/crypto-js/-/crypto-js-4.1.1.tgz",
      "integrity": "sha512-o2JlM7ydqd3Qk9CA0L4NL6mTzU2sdx96a+oOfPu8Mkl/PK51vSyoi8/rQ8NknZtk44vq15lmhAj9CIAGwgeWKw=="
    }
  }
}
